{
  "lib/devtools": {
    "rev": "ce122b0f7c9c2f5e09a85b6b43c4255a2a5eb448"
  },
  "lib/forge-std": {
    "rev": "1de6eecf821de7fe2c908cc48d3ab3dced20717f"
  },
  "lib/layerzero-v2": {
    "rev": "7bcfb4d5dac4192570af5e51dbc67413a6116a14"
  },
  "lib/openzeppelin-contracts": {
    "rev": "69c8def5f222ff96f2b5beff05dfba996368aa79"
  },
  "lib/solmate": {
    "rev": "97bdb2003b70382996a79a406813f76417b1cf90"
  }
}